
Microsoft Visual Studio Solution File, Format Version 12.00
# Visual Studio Version 17
VisualStudioVersion = 17.0.32112.339
MinimumVisualStudioVersion = 10.0.40219.1
Project("{FAE04EC0-301F-11D3-BF4B-00C04F79EFBC}") = "ERP.View", "ERP.View.csproj", "{622CB453-B960-4970-8994-130996D15C2D}"
EndProject
<<<<<<< HEAD
Project("{FAE04EC0-301F-11D3-BF4B-00C04F79EFBC}") = "ERP.ViewApi", "..\ERP.ViewApi\ERP.ViewApi.csproj", "{736D1546-1C61-44BE-8DB3-F1F37E6C3DD8}"
EndProject
<<<<<<< HEAD
=======
Project("{FAE04EC0-301F-11D3-BF4B-00C04F79EFBC}") = "ReciboJanela", "..\ReciboJanela\ReciboJanela\ReciboJanela.csproj", "{4056D16E-25B1-4465-8981-C99EE3C9A9CF}"
EndProject
>>>>>>> a99eb196153224d77f448a7e2b9d510ee13cbb0d
=======
Project("{FAE04EC0-301F-11D3-BF4B-00C04F79EFBC}") = "ReciboJanela", "..\ReciboJanela\ReciboJanela\ReciboJanela.csproj", "{4056D16E-25B1-4465-8981-C99EE3C9A9CF}"
EndProject
Project("{FAE04EC0-301F-11D3-BF4B-00C04F79EFBC}") = "ERP.ViewApi", "..\ERP.ViewApi\ERP.ViewApi.csproj", "{736D1546-1C61-44BE-8DB3-F1F37E6C3DD8}"
EndProject
>>>>>>> 454f609ec64146b340ff674f02ff02873e0405d1
Global
	GlobalSection(SolutionConfigurationPlatforms) = preSolution
		Debug|Any CPU = Debug|Any CPU
		Release|Any CPU = Release|Any CPU
	EndGlobalSection
	GlobalSection(ProjectConfigurationPlatforms) = postSolution
		{622CB453-B960-4970-8994-130996D15C2D}.Debug|Any CPU.ActiveCfg = Debug|Any CPU
		{622CB453-B960-4970-8994-130996D15C2D}.Debug|Any CPU.Build.0 = Debug|Any CPU
		{622CB453-B960-4970-8994-130996D15C2D}.Release|Any CPU.ActiveCfg = Release|Any CPU
		{622CB453-B960-4970-8994-130996D15C2D}.Release|Any CPU.Build.0 = Release|Any CPU
<<<<<<< HEAD
		{736D1546-1C61-44BE-8DB3-F1F37E6C3DD8}.Debug|Any CPU.ActiveCfg = Debug|Any CPU
		{736D1546-1C61-44BE-8DB3-F1F37E6C3DD8}.Debug|Any CPU.Build.0 = Debug|Any CPU
		{736D1546-1C61-44BE-8DB3-F1F37E6C3DD8}.Release|Any CPU.ActiveCfg = Release|Any CPU
		{736D1546-1C61-44BE-8DB3-F1F37E6C3DD8}.Release|Any CPU.Build.0 = Release|Any CPU
<<<<<<< HEAD
=======
=======
>>>>>>> 454f609ec64146b340ff674f02ff02873e0405d1
		{4056D16E-25B1-4465-8981-C99EE3C9A9CF}.Debug|Any CPU.ActiveCfg = Debug|Any CPU
		{4056D16E-25B1-4465-8981-C99EE3C9A9CF}.Debug|Any CPU.Build.0 = Debug|Any CPU
		{4056D16E-25B1-4465-8981-C99EE3C9A9CF}.Release|Any CPU.ActiveCfg = Release|Any CPU
		{4056D16E-25B1-4465-8981-C99EE3C9A9CF}.Release|Any CPU.Build.0 = Release|Any CPU
<<<<<<< HEAD
>>>>>>> a99eb196153224d77f448a7e2b9d510ee13cbb0d
=======
		{736D1546-1C61-44BE-8DB3-F1F37E6C3DD8}.Debug|Any CPU.ActiveCfg = Debug|Any CPU
		{736D1546-1C61-44BE-8DB3-F1F37E6C3DD8}.Debug|Any CPU.Build.0 = Debug|Any CPU
		{736D1546-1C61-44BE-8DB3-F1F37E6C3DD8}.Release|Any CPU.ActiveCfg = Release|Any CPU
		{736D1546-1C61-44BE-8DB3-F1F37E6C3DD8}.Release|Any CPU.Build.0 = Release|Any CPU
>>>>>>> 454f609ec64146b340ff674f02ff02873e0405d1
	EndGlobalSection
	GlobalSection(SolutionProperties) = preSolution
		HideSolutionNode = FALSE
	EndGlobalSection
	GlobalSection(ExtensibilityGlobals) = postSolution
		SolutionGuid = {D30B138E-A553-40B7-A8B3-383D7A1691DF}
	EndGlobalSection
EndGlobal
